
Microsoft Visual Studio Solution File, Format Version 12.00
# Visual Studio 14
VisualStudioVersion = 14.0.25123.0
MinimumVisualStudioVersion = 10.0.40219.1
Project("{FAE04EC0-301F-11D3-BF4B-00C04F79EFBC}") = "WinDesktop", "WinDesktop\WinDesktop.csproj", "{7A9DD409-028A-40F2-AB86-69BDE0503896}"
EndProject
Project("{FAE04EC0-301F-11D3-BF4B-00C04F79EFBC}") = "CONSOLE", "CONSOLE\CONSOLE.csproj", "{39AB6557-722F-4512-BA9C-D31FC582B373}"
EndProject
Global
	GlobalSection(SolutionConfigurationPlatforms) = preSolution
		Debug|Any CPU = Debug|Any CPU
		Release|Any CPU = Release|Any CPU
	EndGlobalSection
	GlobalSection(ProjectConfigurationPlatforms) = postSolution
		{7A9DD409-028A-40F2-AB86-69BDE0503896}.Debug|Any CPU.ActiveCfg = Debug|Any CPU
		{7A9DD409-028A-40F2-AB86-69BDE0503896}.Debug|Any CPU.Build.0 = Debug|Any CPU
		{7A9DD409-028A-40F2-AB86-69BDE0503896}.Release|Any CPU.ActiveCfg = Release|Any CPU
		{7A9DD409-028A-40F2-AB86-69BDE0503896}.Release|Any CPU.Build.0 = Release|Any CPU
		{39AB6557-722F-4512-BA9C-D31FC582B373}.Debug|Any CPU.ActiveCfg = Debug|Any CPU
		{39AB6557-722F-4512-BA9C-D31FC582B373}.Debug|Any CPU.Build.0 = Debug|Any CPU
		{39AB6557-722F-4512-BA9C-D31FC582B373}.Release|Any CPU.ActiveCfg = Release|Any CPU
		{39AB6557-722F-4512-BA9C-D31FC582B373}.Release|Any CPU.Build.0 = Release|Any CPU
	EndGlobalSection
	GlobalSection(SolutionProperties) = preSolution
		HideSolutionNode = FALSE
	EndGlobalSection
EndGlobal
